PODS:
  - LTMorphingLabel (0.7.0)
  - NVActivityIndicatorView (4.8.0):
    - NVActivityIndicatorView/Presenter (= 4.8.0)
  - NVActivityIndicatorView/Presenter (4.8.0)
  - R.swift (5.1.0):
    - R.swift.Library (~> 5.1.0)
  - R.swift.Library (5.1.0)
  - SDWebImage (5.4.2):
    - SDWebImage/Core (= 5.4.2)
  - SDWebImage/Core (5.4.2)
  - SwiftLint (0.38.2)
  - SwiftyJSON (5.0.0)

DEPENDENCIES:
  - LTMorphingLabel
  - NVActivityIndicatorView
  - R.swift
  - SDWebImage
  - SwiftLint
  - SwiftyJSON

SPEC REPOS:
  trunk:
    - LTMorphingLabel
    - NVActivityIndicatorView
    - R.swift
    - R.swift.Library
    - SDWebImage
    - SwiftLint
    - SwiftyJSON

SPEC CHECKSUMS:
  LTMorphingLabel: 22147fb1ec2b0306537ccc348b36ea8617179b03
  NVActivityIndicatorView: d24b7ebcf80af5dcd994adb650e2b6c93379270f
  R.swift: 8cbc4fc69b740305b6a17c8a8ed968eb788962d9
  R.swift.Library: fa85ce1e0d0b7e818cd9e080df910ba54d2776cc
  SDWebImage: 4ca2dc4eefae4224bea8f504251cda485a363745
  SwiftLint: 8f5d2f903e1c9bcbc832fd16771e80a263ac6cbb
  SwiftyJSON: 36413e04c44ee145039d332b4f4e2d3e8d6c4db7

PODFILE CHECKSUM: 56a0a94686c88585de41b8417c5693eba6818c22

COCOAPODS: 1.8.4
